
Microsoft Visual Studio Solution File, Format Version 12.00
# Visual Studio Version 17
VisualStudioVersion = 17.3.32929.385
MinimumVisualStudioVersion = 10.0.40219.1
Project("{FAE04EC0-301F-11D3-BF4B-00C04F79EFBC}") = "Projekat", "Projekat\Projekat.csproj", "{189E7DCD-ECBE-4739-B7A0-CA0C8C1A2CDC}"
EndProject
Project("{54435603-DBB4-11D2-8724-00A0C9A8B90C}") = "PaintSetup", "PaintSetup\PaintSetup.vdproj", "{8E86D7AC-1FF2-4FCF-A812-E1123FD3C1BF}"
EndProject
Global
	GlobalSection(SolutionConfigurationPlatforms) = preSolution
		Debug|Any CPU = Debug|Any CPU
		Release|Any CPU = Release|Any CPU
	EndGlobalSection
	GlobalSection(ProjectConfigurationPlatforms) = postSolution
		{189E7DCD-ECBE-4739-B7A0-CA0C8C1A2CDC}.Debug|Any CPU.ActiveCfg = Release|Any CPU
		{189E7DCD-ECBE-4739-B7A0-CA0C8C1A2CDC}.Debug|Any CPU.Build.0 = Release|Any CPU
		{189E7DCD-ECBE-4739-B7A0-CA0C8C1A2CDC}.Release|Any CPU.ActiveCfg = Release|Any CPU
		{189E7DCD-ECBE-4739-B7A0-CA0C8C1A2CDC}.Release|Any CPU.Build.0 = Release|Any CPU
		{8E86D7AC-1FF2-4FCF-A812-E1123FD3C1BF}.Debug|Any CPU.ActiveCfg = Release
		{8E86D7AC-1FF2-4FCF-A812-E1123FD3C1BF}.Release|Any CPU.ActiveCfg = Release
	EndGlobalSection
	GlobalSection(SolutionProperties) = preSolution
		HideSolutionNode = FALSE
	EndGlobalSection
	GlobalSection(ExtensibilityGlobals) = postSolution
		SolutionGuid = {457BA666-24D8-4B8E-9E78-43DDF1BF32BD}
	EndGlobalSection
EndGlobal
